
Microsoft Visual Studio Solution File, Format Version 11.00
# Visual Studio 2010
Project("{FAE04EC0-301F-11D3-BF4B-00C04F79EFBC}") = "Assembly-CSharp", "Assembly-CSharp.csproj", "{B057F9F4-E029-2D2C-E76F-A39E7ED6B720}"
EndProject
Project("{FAE04EC0-301F-11D3-BF4B-00C04F79EFBC}") = "Assembly-CSharp-Editor", "Assembly-CSharp-Editor.csproj", "{93D447B5-BC23-7D3F-0F85-B704A9120CBC}"
EndProject
Global
	GlobalSection(SolutionConfigurationPlatforms) = preSolution
		Debug|Any CPU = Debug|Any CPU
		Release|Any CPU = Release|Any CPU
	EndGlobalSection
	GlobalSection(ProjectConfigurationPlatforms) = postSolution
		{B057F9F4-E029-2D2C-E76F-A39E7ED6B720}.Debug|Any CPU.ActiveCfg = Debug|Any CPU
		{B057F9F4-E029-2D2C-E76F-A39E7ED6B720}.Debug|Any CPU.Build.0 = Debug|Any CPU
		{B057F9F4-E029-2D2C-E76F-A39E7ED6B720}.Release|Any CPU.ActiveCfg = Release|Any CPU
		{B057F9F4-E029-2D2C-E76F-A39E7ED6B720}.Release|Any CPU.Build.0 = Release|Any CPU
		{93D447B5-BC23-7D3F-0F85-B704A9120CBC}.Debug|Any CPU.ActiveCfg = Debug|Any CPU
		{93D447B5-BC23-7D3F-0F85-B704A9120CBC}.Debug|Any CPU.Build.0 = Debug|Any CPU
		{93D447B5-BC23-7D3F-0F85-B704A9120CBC}.Release|Any CPU.ActiveCfg = Release|Any CPU
		{93D447B5-BC23-7D3F-0F85-B704A9120CBC}.Release|Any CPU.Build.0 = Release|Any CPU
	EndGlobalSection
	GlobalSection(SolutionProperties) = preSolution
		HideSolutionNode = FALSE
	EndGlobalSection
	GlobalSection(MonoDevelopProperties) = preSolution
		StartupItem = Assembly-CSharp.csproj
	EndGlobalSection
EndGlobal
